{
  "originHash" : "37fc82f78ab249e3f147b0d3c44510cf370bffd1d4a4c381808d108fc0347396",
  "pins" : [
    {
      "identity" : "gameenginelib",
      "kind" : "remoteSourceControl",
      "location" : "https://github.com/sebastienrousseau/GameEngineLib.git",
      "state" : {
        "revision" : "be0465f215c832e79ec65dadcdc28c9362a26448",
        "version" : "0.2.0"
      }
    }
  ],
  "version" : 3
}
