{
  "originHash" : "6d0d0787858d9a52f367fa0dd206d5a10e11c99c63d4f8c3fa992854ccf19df2",
  "pins" : [
    {
      "identity" : "gameenginelib",
      "kind" : "remoteSourceControl",
      "location" : "https://github.com/sebastienrousseau/GameEngineLib.git",
      "state" : {
        "revision" : "0d9773fbb01af20ff46f09aff1cf717cd761858b",
        "version" : "0.3.0"
      }
    }
  ],
  "version" : 3
}
