{
  "originHash" : "144fa2b0de93ee3658348623f52e97b1e000019c96bc04f85509093a3bfa63b2",
  "pins" : [
    {
      "identity" : "gameenginelib",
      "kind" : "remoteSourceControl",
      "location" : "https://github.com/sebastienrousseau/GameEngineLib.git",
      "state" : {
        "revision" : "8e94829e3fb5a8f7278d9f258c1d49b59baac168",
        "version" : "0.4.2"
      }
    },
    {
      "identity" : "javascriptkit",
      "kind" : "remoteSourceControl",
      "location" : "https://github.com/swiftwasm/JavaScriptKit.git",
      "state" : {
        "revision" : "22905075f8b61834810babe5fb9a2f613f22f398",
        "version" : "0.56.1"
      }
    },
    {
      "identity" : "swift-syntax",
      "kind" : "remoteSourceControl",
      "location" : "https://github.com/swiftlang/swift-syntax",
      "state" : {
        "revision" : "79e4b74a295b6eb74a8b585e3a39d29e70c1dbd1",
        "version" : "603.0.2"
      }
    }
  ],
  "version" : 3
}
